
Microsoft Visual Studio Solution File, Format Version 12.00
# Visual Studio Version 17
VisualStudioVersion = 17.8.34330.188
MinimumVisualStudioVersion = 10.0.40219.1
Project("{FAE04EC0-301F-11D3-BF4B-00C04F79EFBC}") = "ShoppingCart", "ShoppingCart.csproj", "{0C7A1EB2-B643-47D9-8F25-5F907C599FE9}"
EndProject
Global
	GlobalSection(SolutionConfigurationPlatforms) = preSolution
		Debug|Any CPU = Debug|Any CPU
		Release|Any CPU = Release|Any CPU
	EndGlobalSection
	GlobalSection(ProjectConfigurationPlatforms) = postSolution
		{0C7A1EB2-B643-47D9-8F25-5F907C599FE9}.Debug|Any CPU.ActiveCfg = Debug|Any CPU
		{0C7A1EB2-B643-47D9-8F25-5F907C599FE9}.Debug|Any CPU.Build.0 = Debug|Any CPU
		{0C7A1EB2-B643-47D9-8F25-5F907C599FE9}.Release|Any CPU.ActiveCfg = Release|Any CPU
		{0C7A1EB2-B643-47D9-8F25-5F907C599FE9}.Release|Any CPU.Build.0 = Release|Any CPU
	EndGlobalSection
	GlobalSection(SolutionProperties) = preSolution
		HideSolutionNode = FALSE
	EndGlobalSection
	GlobalSection(ExtensibilityGlobals) = postSolution
		SolutionGuid = {44FC025C-490D-4A8C-BA2D-DC6BFDC2F479}
	EndGlobalSection
EndGlobal
